
Microsoft Visual Studio Solution File, Format Version 12.00
# Visual Studio 15
VisualStudioVersion = 15.0.26510.0
MinimumVisualStudioVersion = 10.0.40219.1
Project("{FAE04EC0-301F-11D3-BF4B-00C04F79EFBC}") = "VbAndXamarinForms.Android", "VbAndXamarinForms\VbAndXamarinForms.Android\VbAndXamarinForms.Android.csproj", "{7F2445B3-BE60-4148-B7D5-2FCF6A9C1098}"
EndProject
Project("{FAE04EC0-301F-11D3-BF4B-00C04F79EFBC}") = "VbAndXamarinForms.UWP", "VbAndXamarinForms\VbAndXamarinForms.UWP\VbAndXamarinForms.UWP.csproj", "{FFFA96E4-EE61-49D4-A7CA-EB23AE47384D}"
EndProject
Project("{FAE04EC0-301F-11D3-BF4B-00C04F79EFBC}") = "VbAndXamarinForms.iOS", "VbAndXamarinForms\VbAndXamarinForms.iOS\VbAndXamarinForms.iOS.csproj", "{C8A6320B-A778-4C39-A6BE-1D29D81AB5CF}"
EndProject
Project("{778DAE3C-4631-46EA-AA77-85C1314464D9}") = "VbAndXamarinForms", "VbAndXamarinForms\VbAndXamarinForms\VbAndXamarinForms.vbproj", "{838DF6FC-9ED5-4727-82E8-CD327CBB489F}"
EndProject
Global
	GlobalSection(SolutionConfigurationPlatforms) = preSolution
		Ad-Hoc|Any CPU = Ad-Hoc|Any CPU
		Ad-Hoc|ARM = Ad-Hoc|ARM
		Ad-Hoc|iPhone = Ad-Hoc|iPhone
		Ad-Hoc|iPhoneSimulator = Ad-Hoc|iPhoneSimulator
		Ad-Hoc|x64 = Ad-Hoc|x64
		Ad-Hoc|x86 = Ad-Hoc|x86
		AppStore|Any CPU = AppStore|Any CPU
		AppStore|ARM = AppStore|ARM
		AppStore|iPhone = AppStore|iPhone
		AppStore|iPhoneSimulator = AppStore|iPhoneSimulator
		AppStore|x64 = AppStore|x64
		AppStore|x86 = AppStore|x86
		Debug|Any CPU = Debug|Any CPU
		Debug|ARM = Debug|ARM
		Debug|iPhone = Debug|iPhone
		Debug|iPhoneSimulator = Debug|iPhoneSimulator
		Debug|x64 = Debug|x64
		Debug|x86 = Debug|x86
		Release|Any CPU = Release|Any CPU
		Release|ARM = Release|ARM
		Release|iPhone = Release|iPhone
		Release|iPhoneSimulator = Release|iPhoneSimulator
		Release|x64 = Release|x64
		Release|x86 = Release|x86
	EndGlobalSection
	GlobalSection(ProjectConfigurationPlatforms) = postSolution
		{7F2445B3-BE60-4148-B7D5-2FCF6A9C1098}.Ad-Hoc|Any CPU.ActiveCfg = Release|Any CPU
		{7F2445B3-BE60-4148-B7D5-2FCF6A9C1098}.Ad-Hoc|Any CPU.Build.0 = Release|Any CPU
		{7F2445B3-BE60-4148-B7D5-2FCF6A9C1098}.Ad-Hoc|Any CPU.Deploy.0 = Release|Any CPU
		{7F2445B3-BE60-4148-B7D5-2FCF6A9C1098}.Ad-Hoc|ARM.ActiveCfg = Release|Any CPU
		{7F2445B3-BE60-4148-B7D5-2FCF6A9C1098}.Ad-Hoc|ARM.Build.0 = Release|Any CPU
		{7F2445B3-BE60-4148-B7D5-2FCF6A9C1098}.Ad-Hoc|ARM.Deploy.0 = Release|Any CPU
		{7F2445B3-BE60-4148-B7D5-2FCF6A9C1098}.Ad-Hoc|iPhone.ActiveCfg = Release|Any CPU
		{7F2445B3-BE60-4148-B7D5-2FCF6A9C1098}.Ad-Hoc|iPhone.Build.0 = Release|Any CPU
		{7F2445B3-BE60-4148-B7D5-2FCF6A9C1098}.Ad-Hoc|iPhone.Deploy.0 = Release|Any CPU
		{7F2445B3-BE60-4148-B7D5-2FCF6A9C1098}.Ad-Hoc|iPhoneSimulator.ActiveCfg = Release|Any CPU
		{7F2445B3-BE60-4148-B7D5-2FCF6A9C1098}.Ad-Hoc|iPhoneSimulator.Build.0 = Release|Any CPU
		{7F2445B3-BE60-4148-B7D5-2FCF6A9C1098}.Ad-Hoc|iPhoneSimulator.Deploy.0 = Release|Any CPU
		{7F2445B3-BE60-4148-B7D5-2FCF6A9C1098}.Ad-Hoc|x64.ActiveCfg = Release|Any CPU
		{7F2445B3-BE60-4148-B7D5-2FCF6A9C1098}.Ad-Hoc|x64.Build.0 = Release|Any CPU
		{7F2445B3-BE60-4148-B7D5-2FCF6A9C1098}.Ad-Hoc|x64.Deploy.0 = Release|Any CPU
		{7F2445B3-BE60-4148-B7D5-2FCF6A9C1098}.Ad-Hoc|x86.ActiveCfg = Release|Any CPU
		{7F2445B3-BE60-4148-B7D5-2FCF6A9C1098}.Ad-Hoc|x86.Build.0 = Release|Any CPU
		{7F2445B3-BE60-4148-B7D5-2FCF6A9C1098}.Ad-Hoc|x86.Deploy.0 = Release|Any CPU
		{7F2445B3-BE60-4148-B7D5-2FCF6A9C1098}.AppStore|Any CPU.ActiveCfg = Release|Any CPU
		{7F2445B3-BE60-4148-B7D5-2FCF6A9C1098}.AppStore|Any CPU.Build.0 = Release|Any CPU
		{7F2445B3-BE60-4148-B7D5-2FCF6A9C1098}.AppStore|Any CPU.Deploy.0 = Release|Any CPU
		{7F2445B3-BE60-4148-B7D5-2FCF6A9C1098}.AppStore|ARM.ActiveCfg = Release|Any CPU
		{7F2445B3-BE60-4148-B7D5-2FCF6A9C1098}.AppStore|ARM.Build.0 = Release|Any CPU
		{7F2445B3-BE60-4148-B7D5-2FCF6A9C1098}.AppStore|ARM.Deploy.0 = Release|Any CPU
		{7F2445B3-BE60-4148-B7D5-2FCF6A9C1098}.AppStore|iPhone.ActiveCfg = Release|Any CPU
		{7F2445B3-BE60-4148-B7D5-2FCF6A9C1098}.AppStore|iPhone.Build.0 = Release|Any CPU
		{7F2445B3-BE60-4148-B7D5-2FCF6A9C1098}.AppStore|iPhone.Deploy.0 = Release|Any CPU
		{7F2445B3-BE60-4148-B7D5-2FCF6A9C1098}.AppStore|iPhoneSimulator.ActiveCfg = Release|Any CPU
		{7F2445B3-BE60-4148-B7D5-2FCF6A9C1098}.AppStore|iPhoneSimulator.Build.0 = Release|Any CPU
		{7F2445B3-BE60-4148-B7D5-2FCF6A9C1098}.AppStore|iPhoneSimulator.Deploy.0 = Release|Any CPU
		{7F2445B3-BE60-4148-B7D5-2FCF6A9C1098}.AppStore|x64.ActiveCfg = Release|Any CPU
		{7F2445B3-BE60-4148-B7D5-2FCF6A9C1098}.AppStore|x64.Build.0 = Release|Any CPU
		{7F2445B3-BE60-4148-B7D5-2FCF6A9C1098}.AppStore|x64.Deploy.0 = Release|Any CPU
		{7F2445B3-BE60-4148-B7D5-2FCF6A9C1098}.AppStore|x86.ActiveCfg = Release|Any CPU
		{7F2445B3-BE60-4148-B7D5-2FCF6A9C1098}.AppStore|x86.Build.0 = Release|Any CPU
		{7F2445B3-BE60-4148-B7D5-2FCF6A9C1098}.AppStore|x86.Deploy.0 = Release|Any CPU
		{7F2445B3-BE60-4148-B7D5-2FCF6A9C1098}.Debug|Any CPU.ActiveCfg = Debug|Any CPU
		{7F2445B3-BE60-4148-B7D5-2FCF6A9C1098}.Debug|Any CPU.Build.0 = Debug|Any CPU
		{7F2445B3-BE60-4148-B7D5-2FCF6A9C1098}.Debug|Any CPU.Deploy.0 = Debug|Any CPU
		{7F2445B3-BE60-4148-B7D5-2FCF6A9C1098}.Debug|ARM.ActiveCfg = Debug|Any CPU
		{7F2445B3-BE60-4148-B7D5-2FCF6A9C1098}.Debug|ARM.Build.0 = Debug|Any CPU
		{7F2445B3-BE60-4148-B7D5-2FCF6A9C1098}.Debug|ARM.Deploy.0 = Debug|Any CPU
		{7F2445B3-BE60-4148-B7D5-2FCF6A9C1098}.Debug|iPhone.ActiveCfg = Debug|Any CPU
		{7F2445B3-BE60-4148-B7D5-2FCF6A9C1098}.Debug|iPhone.Build.0 = Debug|Any CPU
		{7F2445B3-BE60-4148-B7D5-2FCF6A9C1098}.Debug|iPhone.Deploy.0 = Debug|Any CPU
		{7F2445B3-BE60-4148-B7D5-2FCF6A9C1098}.Debug|iPhoneSimulator.ActiveCfg = Debug|Any CPU
		{7F2445B3-BE60-4148-B7D5-2FCF6A9C1098}.Debug|iPhoneSimulator.Build.0 = Debug|Any CPU
		{7F2445B3-BE60-4148-B7D5-2FCF6A9C1098}.Debug|iPhoneSimulator.Deploy.0 = Debug|Any CPU
		{7F2445B3-BE60-4148-B7D5-2FCF6A9C1098}.Debug|x64.ActiveCfg = Debug|Any CPU
		{7F2445B3-BE60-4148-B7D5-2FCF6A9C1098}.Debug|x64.Build.0 = Debug|Any CPU
		{7F2445B3-BE60-4148-B7D5-2FCF6A9C1098}.Debug|x64.Deploy.0 = Debug|Any CPU
		{7F2445B3-BE60-4148-B7D5-2FCF6A9C1098}.Debug|x86.ActiveCfg = Debug|Any CPU
		{7F2445B3-BE60-4148-B7D5-2FCF6A9C1098}.Debug|x86.Build.0 = Debug|Any CPU
		{7F2445B3-BE60-4148-B7D5-2FCF6A9C1098}.Debug|x86.Deploy.0 = Debug|Any CPU
		{7F2445B3-BE60-4148-B7D5-2FCF6A9C1098}.Release|Any CPU.ActiveCfg = Release|Any CPU
		{7F2445B3-BE60-4148-B7D5-2FCF6A9C1098}.Release|Any CPU.Build.0 = Release|Any CPU
		{7F2445B3-BE60-4148-B7D5-2FCF6A9C1098}.Release|Any CPU.Deploy.0 = Release|Any CPU
		{7F2445B3-BE60-4148-B7D5-2FCF6A9C1098}.Release|ARM.ActiveCfg = Release|Any CPU
		{7F2445B3-BE60-4148-B7D5-2FCF6A9C1098}.Release|ARM.Build.0 = Release|Any CPU
		{7F2445B3-BE60-4148-B7D5-2FCF6A9C1098}.Release|ARM.Deploy.0 = Release|Any CPU
		{7F2445B3-BE60-4148-B7D5-2FCF6A9C1098}.Release|iPhone.ActiveCfg = Release|Any CPU
		{7F2445B3-BE60-4148-B7D5-2FCF6A9C1098}.Release|iPhone.Build.0 = Release|Any CPU
		{7F2445B3-BE60-4148-B7D5-2FCF6A9C1098}.Release|iPhone.Deploy.0 = Release|Any CPU
		{7F2445B3-BE60-4148-B7D5-2FCF6A9C1098}.Release|iPhoneSimulator.ActiveCfg = Release|Any CPU
		{7F2445B3-BE60-4148-B7D5-2FCF6A9C1098}.Release|iPhoneSimulator.Build.0 = Release|Any CPU
		{7F2445B3-BE60-4148-B7D5-2FCF6A9C1098}.Release|iPhoneSimulator.Deploy.0 = Release|Any CPU
		{7F2445B3-BE60-4148-B7D5-2FCF6A9C1098}.Release|x64.ActiveCfg = Release|Any CPU
		{7F2445B3-BE60-4148-B7D5-2FCF6A9C1098}.Release|x64.Build.0 = Release|Any CPU
		{7F2445B3-BE60-4148-B7D5-2FCF6A9C1098}.Release|x64.Deploy.0 = Release|Any CPU
		{7F2445B3-BE60-4148-B7D5-2FCF6A9C1098}.Release|x86.ActiveCfg = Release|Any CPU
		{7F2445B3-BE60-4148-B7D5-2FCF6A9C1098}.Release|x86.Build.0 = Release|Any CPU
		{7F2445B3-BE60-4148-B7D5-2FCF6A9C1098}.Release|x86.Deploy.0 = Release|Any CPU
		{FFFA96E4-EE61-49D4-A7CA-EB23AE47384D}.Ad-Hoc|Any CPU.ActiveCfg = Release|x86
		{FFFA96E4-EE61-49D4-A7CA-EB23AE47384D}.Ad-Hoc|Any CPU.Build.0 = Release|x86
		{FFFA96E4-EE61-49D4-A7CA-EB23AE47384D}.Ad-Hoc|Any CPU.Deploy.0 = Release|x86
		{FFFA96E4-EE61-49D4-A7CA-EB23AE47384D}.Ad-Hoc|ARM.ActiveCfg = Release|ARM
		{FFFA96E4-EE61-49D4-A7CA-EB23AE47384D}.Ad-Hoc|ARM.Build.0 = Release|ARM
		{FFFA96E4-EE61-49D4-A7CA-EB23AE47384D}.Ad-Hoc|ARM.Deploy.0 = Release|ARM
		{FFFA96E4-EE61-49D4-A7CA-EB23AE47384D}.Ad-Hoc|iPhone.ActiveCfg = Release|x86
		{FFFA96E4-EE61-49D4-A7CA-EB23AE47384D}.Ad-Hoc|iPhone.Build.0 = Release|x86
		{FFFA96E4-EE61-49D4-A7CA-EB23AE47384D}.Ad-Hoc|iPhone.Deploy.0 = Release|x86
		{FFFA96E4-EE61-49D4-A7CA-EB23AE47384D}.Ad-Hoc|iPhoneSimulator.ActiveCfg = Release|x86
		{FFFA96E4-EE61-49D4-A7CA-EB23AE47384D}.Ad-Hoc|iPhoneSimulator.Build.0 = Release|x86
		{FFFA96E4-EE61-49D4-A7CA-EB23AE47384D}.Ad-Hoc|iPhoneSimulator.Deploy.0 = Release|x86
		{FFFA96E4-EE61-49D4-A7CA-EB23AE47384D}.Ad-Hoc|x64.ActiveCfg = Release|x64
		{FFFA96E4-EE61-49D4-A7CA-EB23AE47384D}.Ad-Hoc|x64.Build.0 = Release|x64
		{FFFA96E4-EE61-49D4-A7CA-EB23AE47384D}.Ad-Hoc|x64.Deploy.0 = Release|x64
		{FFFA96E4-EE61-49D4-A7CA-EB23AE47384D}.Ad-Hoc|x86.ActiveCfg = Release|x86
		{FFFA96E4-EE61-49D4-A7CA-EB23AE47384D}.Ad-Hoc|x86.Build.0 = Release|x86
		{FFFA96E4-EE61-49D4-A7CA-EB23AE47384D}.Ad-Hoc|x86.Deploy.0 = Release|x86
		{FFFA96E4-EE61-49D4-A7CA-EB23AE47384D}.AppStore|Any CPU.ActiveCfg = Release|x86
		{FFFA96E4-EE61-49D4-A7CA-EB23AE47384D}.AppStore|Any CPU.Build.0 = Release|x86
		{FFFA96E4-EE61-49D4-A7CA-EB23AE47384D}.AppStore|Any CPU.Deploy.0 = Release|x86
		{FFFA96E4-EE61-49D4-A7CA-EB23AE47384D}.AppStore|ARM.ActiveCfg = Release|ARM
		{FFFA96E4-EE61-49D4-A7CA-EB23AE47384D}.AppStore|ARM.Build.0 = Release|ARM
		{FFFA96E4-EE61-49D4-A7CA-EB23AE47384D}.AppStore|ARM.Deploy.0 = Release|ARM
		{FFFA96E4-EE61-49D4-A7CA-EB23AE47384D}.AppStore|iPhone.ActiveCfg = Release|x86
		{FFFA96E4-EE61-49D4-A7CA-EB23AE47384D}.AppStore|iPhone.Build.0 = Release|x86
		{FFFA96E4-EE61-49D4-A7CA-EB23AE47384D}.AppStore|iPhone.Deploy.0 = Release|x86
		{FFFA96E4-EE61-49D4-A7CA-EB23AE47384D}.AppStore|iPhoneSimulator.ActiveCfg = Release|x86
		{FFFA96E4-EE61-49D4-A7CA-EB23AE47384D}.AppStore|iPhoneSimulator.Build.0 = Release|x86
		{FFFA96E4-EE61-49D4-A7CA-EB23AE47384D}.AppStore|iPhoneSimulator.Deploy.0 = Release|x86
		{FFFA96E4-EE61-49D4-A7CA-EB23AE47384D}.AppStore|x64.ActiveCfg = Release|x64
		{FFFA96E4-EE61-49D4-A7CA-EB23AE47384D}.AppStore|x64.Build.0 = Release|x64
		{FFFA96E4-EE61-49D4-A7CA-EB23AE47384D}.AppStore|x64.Deploy.0 = Release|x64
		{FFFA96E4-EE61-49D4-A7CA-EB23AE47384D}.AppStore|x86.ActiveCfg = Release|x86
		{FFFA96E4-EE61-49D4-A7CA-EB23AE47384D}.AppStore|x86.Build.0 = Release|x86
		{FFFA96E4-EE61-49D4-A7CA-EB23AE47384D}.AppStore|x86.Deploy.0 = Release|x86
		{FFFA96E4-EE61-49D4-A7CA-EB23AE47384D}.Debug|Any CPU.ActiveCfg = Debug|x86
		{FFFA96E4-EE61-49D4-A7CA-EB23AE47384D}.Debug|Any CPU.Build.0 = Debug|x86
		{FFFA96E4-EE61-49D4-A7CA-EB23AE47384D}.Debug|Any CPU.Deploy.0 = Debug|x86
		{FFFA96E4-EE61-49D4-A7CA-EB23AE47384D}.Debug|ARM.ActiveCfg = Debug|ARM
		{FFFA96E4-EE61-49D4-A7CA-EB23AE47384D}.Debug|ARM.Build.0 = Debug|ARM
		{FFFA96E4-EE61-49D4-A7CA-EB23AE47384D}.Debug|ARM.Deploy.0 = Debug|ARM
		{FFFA96E4-EE61-49D4-A7CA-EB23AE47384D}.Debug|iPhone.ActiveCfg = Debug|x86
		{FFFA96E4-EE61-49D4-A7CA-EB23AE47384D}.Debug|iPhone.Build.0 = Debug|x86
		{FFFA96E4-EE61-49D4-A7CA-EB23AE47384D}.Debug|iPhone.Deploy.0 = Debug|x86
		{FFFA96E4-EE61-49D4-A7CA-EB23AE47384D}.Debug|iPhoneSimulator.ActiveCfg = Debug|x86
		{FFFA96E4-EE61-49D4-A7CA-EB23AE47384D}.Debug|x64.ActiveCfg = Debug|x64
		{FFFA96E4-EE61-49D4-A7CA-EB23AE47384D}.Debug|x64.Build.0 = Debug|x64
		{FFFA96E4-EE61-49D4-A7CA-EB23AE47384D}.Debug|x64.Deploy.0 = Debug|x64
		{FFFA96E4-EE61-49D4-A7CA-EB23AE47384D}.Debug|x86.ActiveCfg = Debug|x86
		{FFFA96E4-EE61-49D4-A7CA-EB23AE47384D}.Debug|x86.Build.0 = Debug|x86
		{FFFA96E4-EE61-49D4-A7CA-EB23AE47384D}.Debug|x86.Deploy.0 = Debug|x86
		{FFFA96E4-EE61-49D4-A7CA-EB23AE47384D}.Release|Any CPU.ActiveCfg = Release|x86
		{FFFA96E4-EE61-49D4-A7CA-EB23AE47384D}.Release|ARM.ActiveCfg = Release|ARM
		{FFFA96E4-EE61-49D4-A7CA-EB23AE47384D}.Release|ARM.Build.0 = Release|ARM
		{FFFA96E4-EE61-49D4-A7CA-EB23AE47384D}.Release|ARM.Deploy.0 = Release|ARM
		{FFFA96E4-EE61-49D4-A7CA-EB23AE47384D}.Release|iPhone.ActiveCfg = Release|x86
		{FFFA96E4-EE61-49D4-A7CA-EB23AE47384D}.Release|iPhoneSimulator.ActiveCfg = Release|x86
		{FFFA96E4-EE61-49D4-A7CA-EB23AE47384D}.Release|x64.ActiveCfg = Release|x64
		{FFFA96E4-EE61-49D4-A7CA-EB23AE47384D}.Release|x64.Build.0 = Release|x64
		{FFFA96E4-EE61-49D4-A7CA-EB23AE47384D}.Release|x64.Deploy.0 = Release|x64
		{FFFA96E4-EE61-49D4-A7CA-EB23AE47384D}.Release|x86.ActiveCfg = Release|x86
		{FFFA96E4-EE61-49D4-A7CA-EB23AE47384D}.Release|x86.Build.0 = Release|x86
		{FFFA96E4-EE61-49D4-A7CA-EB23AE47384D}.Release|x86.Deploy.0 = Release|x86
		{C8A6320B-A778-4C39-A6BE-1D29D81AB5CF}.Ad-Hoc|Any CPU.ActiveCfg = Ad-Hoc|iPhone
		{C8A6320B-A778-4C39-A6BE-1D29D81AB5CF}.Ad-Hoc|ARM.ActiveCfg = Ad-Hoc|iPhone
		{C8A6320B-A778-4C39-A6BE-1D29D81AB5CF}.Ad-Hoc|iPhone.ActiveCfg = Ad-Hoc|iPhone
		{C8A6320B-A778-4C39-A6BE-1D29D81AB5CF}.Ad-Hoc|iPhone.Build.0 = Ad-Hoc|iPhone
		{C8A6320B-A778-4C39-A6BE-1D29D81AB5CF}.Ad-Hoc|iPhoneSimulator.ActiveCfg = Ad-Hoc|iPhoneSimulator
		{C8A6320B-A778-4C39-A6BE-1D29D81AB5CF}.Ad-Hoc|iPhoneSimulator.Build.0 = Ad-Hoc|iPhoneSimulator
		{C8A6320B-A778-4C39-A6BE-1D29D81AB5CF}.Ad-Hoc|x64.ActiveCfg = Ad-Hoc|iPhone
		{C8A6320B-A778-4C39-A6BE-1D29D81AB5CF}.Ad-Hoc|x86.ActiveCfg = Ad-Hoc|iPhone
		{C8A6320B-A778-4C39-A6BE-1D29D81AB5CF}.AppStore|Any CPU.ActiveCfg = AppStore|iPhone
		{C8A6320B-A778-4C39-A6BE-1D29D81AB5CF}.AppStore|ARM.ActiveCfg = AppStore|iPhone
		{C8A6320B-A778-4C39-A6BE-1D29D81AB5CF}.AppStore|iPhone.ActiveCfg = AppStore|iPhone
		{C8A6320B-A778-4C39-A6BE-1D29D81AB5CF}.AppStore|iPhone.Build.0 = AppStore|iPhone
		{C8A6320B-A778-4C39-A6BE-1D29D81AB5CF}.AppStore|iPhoneSimulator.ActiveCfg = AppStore|iPhoneSimulator
		{C8A6320B-A778-4C39-A6BE-1D29D81AB5CF}.AppStore|iPhoneSimulator.Build.0 = AppStore|iPhoneSimulator
		{C8A6320B-A778-4C39-A6BE-1D29D81AB5CF}.AppStore|x64.ActiveCfg = AppStore|iPhone
		{C8A6320B-A778-4C39-A6BE-1D29D81AB5CF}.AppStore|x86.ActiveCfg = AppStore|iPhone
		{C8A6320B-A778-4C39-A6BE-1D29D81AB5CF}.Debug|Any CPU.ActiveCfg = Debug|iPhone
		{C8A6320B-A778-4C39-A6BE-1D29D81AB5CF}.Debug|Any CPU.Build.0 = Debug|iPhone
		{C8A6320B-A778-4C39-A6BE-1D29D81AB5CF}.Debug|ARM.ActiveCfg = Debug|iPhone
		{C8A6320B-A778-4C39-A6BE-1D29D81AB5CF}.Debug|iPhone.ActiveCfg = Debug|iPhone
		{C8A6320B-A778-4C39-A6BE-1D29D81AB5CF}.Debug|iPhone.Build.0 = Debug|iPhone
		{C8A6320B-A778-4C39-A6BE-1D29D81AB5CF}.Debug|iPhoneSimulator.ActiveCfg = Debug|iPhoneSimulator
		{C8A6320B-A778-4C39-A6BE-1D29D81AB5CF}.Debug|iPhoneSimulator.Build.0 = Debug|iPhoneSimulator
		{C8A6320B-A778-4C39-A6BE-1D29D81AB5CF}.Debug|x64.ActiveCfg = Debug|iPhone
		{C8A6320B-A778-4C39-A6BE-1D29D81AB5CF}.Debug|x86.ActiveCfg = Debug|iPhone
		{C8A6320B-A778-4C39-A6BE-1D29D81AB5CF}.Release|Any CPU.ActiveCfg = Release|iPhone
		{C8A6320B-A778-4C39-A6BE-1D29D81AB5CF}.Release|ARM.ActiveCfg = Release|iPhone
		{C8A6320B-A778-4C39-A6BE-1D29D81AB5CF}.Release|iPhone.ActiveCfg = Release|iPhone
		{C8A6320B-A778-4C39-A6BE-1D29D81AB5CF}.Release|iPhone.Build.0 = Release|iPhone
		{C8A6320B-A778-4C39-A6BE-1D29D81AB5CF}.Release|iPhoneSimulator.ActiveCfg = Release|iPhoneSimulator
		{C8A6320B-A778-4C39-A6BE-1D29D81AB5CF}.Release|iPhoneSimulator.Build.0 = Release|iPhoneSimulator
		{C8A6320B-A778-4C39-A6BE-1D29D81AB5CF}.Release|x64.ActiveCfg = Release|iPhone
		{C8A6320B-A778-4C39-A6BE-1D29D81AB5CF}.Release|x86.ActiveCfg = Release|iPhone
		{838DF6FC-9ED5-4727-82E8-CD327CBB489F}.Ad-Hoc|Any CPU.ActiveCfg = Debug|Any CPU
		{838DF6FC-9ED5-4727-82E8-CD327CBB489F}.Ad-Hoc|Any CPU.Build.0 = Debug|Any CPU
		{838DF6FC-9ED5-4727-82E8-CD327CBB489F}.Ad-Hoc|ARM.ActiveCfg = Debug|Any CPU
		{838DF6FC-9ED5-4727-82E8-CD327CBB489F}.Ad-Hoc|ARM.Build.0 = Debug|Any CPU
		{838DF6FC-9ED5-4727-82E8-CD327CBB489F}.Ad-Hoc|iPhone.ActiveCfg = Debug|Any CPU
		{838DF6FC-9ED5-4727-82E8-CD327CBB489F}.Ad-Hoc|iPhone.Build.0 = Debug|Any CPU
		{838DF6FC-9ED5-4727-82E8-CD327CBB489F}.Ad-Hoc|iPhoneSimulator.ActiveCfg = Debug|Any CPU
		{838DF6FC-9ED5-4727-82E8-CD327CBB489F}.Ad-Hoc|iPhoneSimulator.Build.0 = Debug|Any CPU
		{838DF6FC-9ED5-4727-82E8-CD327CBB489F}.Ad-Hoc|x64.ActiveCfg = Debug|Any CPU
		{838DF6FC-9ED5-4727-82E8-CD327CBB489F}.Ad-Hoc|x64.Build.0 = Debug|Any CPU
		{838DF6FC-9ED5-4727-82E8-CD327CBB489F}.Ad-Hoc|x86.ActiveCfg = Debug|Any CPU
		{838DF6FC-9ED5-4727-82E8-CD327CBB489F}.Ad-Hoc|x86.Build.0 = Debug|Any CPU
		{838DF6FC-9ED5-4727-82E8-CD327CBB489F}.AppStore|Any CPU.ActiveCfg = Debug|Any CPU
		{838DF6FC-9ED5-4727-82E8-CD327CBB489F}.AppStore|Any CPU.Build.0 = Debug|Any CPU
		{838DF6FC-9ED5-4727-82E8-CD327CBB489F}.AppStore|ARM.ActiveCfg = Debug|Any CPU
		{838DF6FC-9ED5-4727-82E8-CD327CBB489F}.AppStore|ARM.Build.0 = Debug|Any CPU
		{838DF6FC-9ED5-4727-82E8-CD327CBB489F}.AppStore|iPhone.ActiveCfg = Debug|Any CPU
		{838DF6FC-9ED5-4727-82E8-CD327CBB489F}.AppStore|iPhone.Build.0 = Debug|Any CPU
		{838DF6FC-9ED5-4727-82E8-CD327CBB489F}.AppStore|iPhoneSimulator.ActiveCfg = Debug|Any CPU
		{838DF6FC-9ED5-4727-82E8-CD327CBB489F}.AppStore|iPhoneSimulator.Build.0 = Debug|Any CPU
		{838DF6FC-9ED5-4727-82E8-CD327CBB489F}.AppStore|x64.ActiveCfg = Debug|Any CPU
		{838DF6FC-9ED5-4727-82E8-CD327CBB489F}.AppStore|x64.Build.0 = Debug|Any CPU
		{838DF6FC-9ED5-4727-82E8-CD327CBB489F}.AppStore|x86.ActiveCfg = Debug|Any CPU
		{838DF6FC-9ED5-4727-82E8-CD327CBB489F}.AppStore|x86.Build.0 = Debug|Any CPU
		{838DF6FC-9ED5-4727-82E8-CD327CBB489F}.Debug|Any CPU.ActiveCfg = Debug|Any CPU
		{838DF6FC-9ED5-4727-82E8-CD327CBB489F}.Debug|Any CPU.Build.0 = Debug|Any CPU
		{838DF6FC-9ED5-4727-82E8-CD327CBB489F}.Debug|ARM.ActiveCfg = Debug|Any CPU
		{838DF6FC-9ED5-4727-82E8-CD327CBB489F}.Debug|ARM.Build.0 = Debug|Any CPU
		{838DF6FC-9ED5-4727-82E8-CD327CBB489F}.Debug|iPhone.ActiveCfg = Debug|Any CPU
		{838DF6FC-9ED5-4727-82E8-CD327CBB489F}.Debug|iPhone.Build.0 = Debug|Any CPU
		{838DF6FC-9ED5-4727-82E8-CD327CBB489F}.Debug|iPhoneSimulator.ActiveCfg = Debug|Any CPU
		{838DF6FC-9ED5-4727-82E8-CD327CBB489F}.Debug|iPhoneSimulator.Build.0 = Debug|Any CPU
		{838DF6FC-9ED5-4727-82E8-CD327CBB489F}.Debug|x64.ActiveCfg = Debug|Any CPU
		{838DF6FC-9ED5-4727-82E8-CD327CBB489F}.Debug|x64.Build.0 = Debug|Any CPU
		{838DF6FC-9ED5-4727-82E8-CD327CBB489F}.Debug|x86.ActiveCfg = Debug|Any CPU
		{838DF6FC-9ED5-4727-82E8-CD327CBB489F}.Debug|x86.Build.0 = Debug|Any CPU
		{838DF6FC-9ED5-4727-82E8-CD327CBB489F}.Release|Any CPU.ActiveCfg = Release|Any CPU
		{838DF6FC-9ED5-4727-82E8-CD327CBB489F}.Release|Any CPU.Build.0 = Release|Any CPU
		{838DF6FC-9ED5-4727-82E8-CD327CBB489F}.Release|ARM.ActiveCfg = Release|Any CPU
		{838DF6FC-9ED5-4727-82E8-CD327CBB489F}.Release|ARM.Build.0 = Release|Any CPU
		{838DF6FC-9ED5-4727-82E8-CD327CBB489F}.Release|iPhone.ActiveCfg = Release|Any CPU
		{838DF6FC-9ED5-4727-82E8-CD327CBB489F}.Release|iPhone.Build.0 = Release|Any CPU
		{838DF6FC-9ED5-4727-82E8-CD327CBB489F}.Release|iPhoneSimulator.ActiveCfg = Release|Any CPU
		{838DF6FC-9ED5-4727-82E8-CD327CBB489F}.Release|iPhoneSimulator.Build.0 = Release|Any CPU
		{838DF6FC-9ED5-4727-82E8-CD327CBB489F}.Release|x64.ActiveCfg = Release|Any CPU
		{838DF6FC-9ED5-4727-82E8-CD327CBB489F}.Release|x64.Build.0 = Release|Any CPU
		{838DF6FC-9ED5-4727-82E8-CD327CBB489F}.Release|x86.ActiveCfg = Release|Any CPU
		{838DF6FC-9ED5-4727-82E8-CD327CBB489F}.Release|x86.Build.0 = Release|Any CPU
	EndGlobalSection
	GlobalSection(SolutionProperties) = preSolution
		HideSolutionNode = FALSE
	EndGlobalSection
EndGlobal
